
Microsoft Visual Studio Solution File, Format Version 12.00
# Visual Studio Version 16
VisualStudioVersion = 16.0.30128.74
MinimumVisualStudioVersion = 10.0.40219.1
Project("{9A19103F-16F7-4668-BE54-9A1E7A4F7556}") = "TemplateGenerate", "TemplateGenerate.csproj", "{318F72BB-78B4-4616-86A2-817FF8D9976C}"
EndProject
Global
	GlobalSection(SolutionConfigurationPlatforms) = preSolution
		Debug|Any CPU = Debug|Any CPU
		Release|Any CPU = Release|Any CPU
	EndGlobalSection
	GlobalSection(ProjectConfigurationPlatforms) = postSolution
		{318F72BB-78B4-4616-86A2-817FF8D9976C}.Debug|Any CPU.ActiveCfg = Debug|Any CPU
		{318F72BB-78B4-4616-86A2-817FF8D9976C}.Debug|Any CPU.Build.0 = Debug|Any CPU
		{318F72BB-78B4-4616-86A2-817FF8D9976C}.Release|Any CPU.ActiveCfg = Release|Any CPU
		{318F72BB-78B4-4616-86A2-817FF8D9976C}.Release|Any CPU.Build.0 = Release|Any CPU
	EndGlobalSection
	GlobalSection(SolutionProperties) = preSolution
		HideSolutionNode = FALSE
	EndGlobalSection
	GlobalSection(ExtensibilityGlobals) = postSolution
		SolutionGuid = {AD8CC5F2-478B-4A40-9EF2-2167E3419CFE}
	EndGlobalSection
EndGlobal
